
Microsoft Visual Studio Solution File, Format Version 12.00
# Visual Studio Version 16
VisualStudioVersion = 16.0.30330.147
MinimumVisualStudioVersion = 10.0.40219.1
Project("{FAE04EC0-301F-11D3-BF4B-00C04F79EFBC}") = "ChessGame", "ChessGame\ChessGame.csproj", "{DDAACB54-97B5-48AE-96DE-C32F796E326D}"
EndProject
Global
	GlobalSection(SolutionConfigurationPlatforms) = preSolution
		Debug|Any CPU = Debug|Any CPU
		Release|Any CPU = Release|Any CPU
	EndGlobalSection
	GlobalSection(ProjectConfigurationPlatforms) = postSolution
		{DDAACB54-97B5-48AE-96DE-C32F796E326D}.Debug|Any CPU.ActiveCfg = Debug|Any CPU
		{DDAACB54-97B5-48AE-96DE-C32F796E326D}.Debug|Any CPU.Build.0 = Debug|Any CPU
		{DDAACB54-97B5-48AE-96DE-C32F796E326D}.Release|Any CPU.ActiveCfg = Release|Any CPU
		{DDAACB54-97B5-48AE-96DE-C32F796E326D}.Release|Any CPU.Build.0 = Release|Any CPU
	EndGlobalSection
	GlobalSection(SolutionProperties) = preSolution
		HideSolutionNode = FALSE
	EndGlobalSection
	GlobalSection(ExtensibilityGlobals) = postSolution
		SolutionGuid = {AFBE6607-8B17-4BD8-B769-D57536E89FCE}
	EndGlobalSection
EndGlobal
